
Microsoft Visual Studio Solution File, Format Version 12.00
# Visual Studio Version 16
VisualStudioVersion = 16.0.33529.622
MinimumVisualStudioVersion = 10.0.40219.1
Project("{FAE04EC0-301F-11D3-BF4B-00C04F79EFBC}") = "Avatar Elements", "Avatar Elements\Avatar Elements.csproj", "{9C18F6F5-6C83-4BDA-8837-038EF5D8AA5A}"
EndProject
Global
	GlobalSection(SolutionConfigurationPlatforms) = preSolution
		Debug|Any CPU = Debug|Any CPU
		Release|Any CPU = Release|Any CPU
	EndGlobalSection
	GlobalSection(ProjectConfigurationPlatforms) = postSolution
		{9C18F6F5-6C83-4BDA-8837-038EF5D8AA5A}.Debug|Any CPU.ActiveCfg = Release|Any CPU
		{9C18F6F5-6C83-4BDA-8837-038EF5D8AA5A}.Debug|Any CPU.Build.0 = Release|Any CPU
		{9C18F6F5-6C83-4BDA-8837-038EF5D8AA5A}.Release|Any CPU.ActiveCfg = Release|Any CPU
		{9C18F6F5-6C83-4BDA-8837-038EF5D8AA5A}.Release|Any CPU.Build.0 = Release|Any CPU
	EndGlobalSection
	GlobalSection(SolutionProperties) = preSolution
		HideSolutionNode = FALSE
	EndGlobalSection
	GlobalSection(ExtensibilityGlobals) = postSolution
		SolutionGuid = {048A155C-7B8E-4B97-96E3-65B1981CB8D1}
	EndGlobalSection
EndGlobal
